// !$*UTF8*$!
{
	archiveVersion = 1;
	classes = {
	};
	objectVersion = 51;
	objects = {

/* Begin PBXBuildFile section */
		023AED11239FF27A002BEF95 /* DownloadList.storyboard in Resources */ = {isa = PBXBuildFile; fileRef = 023AED10239FF27A002BEF95 /* DownloadList.storyboard */; };
		023AED13239FF35B002BEF95 /* DownloadListViewController.swift in Sources */ = {isa = PBXBuildFile; fileRef = 023AED12239FF35B002BEF95 /* DownloadListViewController.swift */; };
		02E879CD23901902006F6F25 /* AppDelegate.swift in Sources */ = {isa = PBXBuildFile; fileRef = 02E879CC23901902006F6F25 /* AppDelegate.swift */; };
		02E879CF23901902006F6F25 /* SceneDelegate.swift in Sources */ = {isa = PBXBuildFile; fileRef = 02E879CE23901902006F6F25 /* SceneDelegate.swift */; };
		02E879D123901902006F6F25 /* ViewController.swift in Sources */ = {isa = PBXBuildFile; fileRef = 02E879D023901902006F6F25 /* ViewController.swift */; };
		02E879D423901902006F6F25 /* Main.storyboard in Resources */ = {isa = PBXBuildFile; fileRef = 02E879D223901902006F6F25 /* Main.storyboard */; };
		02E879D623901903006F6F25 /* Assets.xcassets in Resources */ = {isa = PBXBuildFile; fileRef = 02E879D523901903006F6F25 /* Assets.xcassets */; };
		02E879D923901903006F6F25 /* LaunchScreen.storyboard in Resources */ = {isa = PBXBuildFile; fileRef = 02E879D723901903006F6F25 /* LaunchScreen.storyboard */; };
		02E879E423901903006F6F25 /* ExampleTests.swift in Sources */ = {isa = PBXBuildFile; fileRef = 02E879E323901903006F6F25 /* ExampleTests.swift */; };
		02E879EF23901903006F6F25 /* ExampleUITests.swift in Sources */ = {isa = PBXBuildFile; fileRef = 02E879EE23901903006F6F25 /* ExampleUITests.swift */; };
		32EEF26BB122AA896C2E4A55 /* Pods_Example_ExampleUITests.framework in Frameworks */ = {isa = PBXBuildFile; fileRef = B100E49A6747316B164A2733 /* Pods_Example_ExampleUITests.framework */; };
		42C58A4CD0CD09015D3BFBE1 /* Pods_ExampleTests.framework in Frameworks */ = {isa = PBXBuildFile; fileRef = 1A5A27BC90AC3E600801A458 /* Pods_ExampleTests.framework */; };
		B95E0F6F8F4452EE165FAC3A /* Pods_Example.framework in Frameworks */ = {isa = PBXBuildFile; fileRef = 4A71786D58F95BBD12C973E7 /* Pods_Example.framework */; };
/* End PBXBuildFile section */

/* Begin PBXContainerItemProxy section */
		02E879E023901903006F6F25 /* PBXContainerItemProxy */ = {
			isa = PBXContainerItemProxy;
			containerPortal = 02E879C123901902006F6F25 /* Project object */;
			proxyType = 1;
			remoteGlobalIDString = 02E879C823901902006F6F25;
			remoteInfo = Example;
		};
		02E879EB23901903006F6F25 /* PBXContainerItemProxy */ = {
			isa = PBXContainerItemProxy;
			containerPortal = 02E879C123901902006F6F25 /* Project object */;
			proxyType = 1;
			remoteGlobalIDString = 02E879C823901902006F6F25;
			remoteInfo = Example;
		};
/* End PBXContainerItemProxy section */

/* Begin PBXFileReference section */
		023AED10239FF27A002BEF95 /* DownloadList.storyboard */ = {isa = PBXFileReference; lastKnownFileType = file.storyboard; path = DownloadList.storyboard; sourceTree = "<group>"; };
		023AED12239FF35B002BEF95 /* DownloadListViewController.swift */ = {isa = PBXFileReference; lastKnownFileType = sourcecode.swift; path = DownloadListViewController.swift; sourceTree = "<group>"; };
		02E879C923901902006F6F25 /* Example.app */ = {isa = PBXFileReference; explicitFileType = wrapper.application; includeInIndex = 0; path = Example.app; sourceTree = BUILT_PRODUCTS_DIR; };
		02E879CC23901902006F6F25 /* AppDelegate.swift */ = {isa = PBXFileReference; lastKnownFileType = sourcecode.swift; path = AppDelegate.swift; sourceTree = "<group>"; };
		02E879CE23901902006F6F25 /* SceneDelegate.swift */ = {isa = PBXFileReference; lastKnownFileType = sourcecode.swift; path = SceneDelegate.swift; sourceTree = "<group>"; };
		02E879D023901902006F6F25 /* ViewController.swift */ = {isa = PBXFileReference; lastKnownFileType = sourcecode.swift; path = ViewController.swift; sourceTree = "<group>"; };
		02E879D323901902006F6F25 /* Base */ = {isa = PBXFileReference; lastKnownFileType = file.storyboard; name = Base; path = Base.lproj/Main.storyboard; sourceTree = "<group>"; };
		02E879D523901903006F6F25 /* Assets.xcassets */ = {isa = PBXFileReference; lastKnownFileType = folder.assetcatalog; path = Assets.xcassets; sourceTree = "<group>"; };
		02E879D823901903006F6F25 /* Base */ = {isa = PBXFileReference; lastKnownFileType = file.storyboard; name = Base; path = Base.lproj/LaunchScreen.storyboard; sourceTree = "<group>"; };
		02E879DA23901903006F6F25 /* Info.plist */ = {isa = PBXFileReference; lastKnownFileType = text.plist.xml; path = Info.plist; sourceTree = "<group>"; };
		02E879DF23901903006F6F25 /* ExampleTests.xctest */ = {isa = PBXFileReference; explicitFileType = wrapper.cfbundle; includeInIndex = 0; path = ExampleTests.xctest; sourceTree = BUILT_PRODUCTS_DIR; };
		02E879E323901903006F6F25 /* ExampleTests.swift */ = {isa = PBXFileReference; lastKnownFileType = sourcecode.swift; path = ExampleTests.swift; sourceTree = "<group>"; };
		02E879E523901903006F6F25 /* Info.plist */ = {isa = PBXFileReference; lastKnownFileType = text.plist.xml; path = Info.plist; sourceTree = "<group>"; };
		02E879EA23901903006F6F25 /* ExampleUITests.xctest */ = {isa = PBXFileReference; explicitFileType = wrapper.cfbundle; includeInIndex = 0; path = ExampleUITests.xctest; sourceTree = BUILT_PRODUCTS_DIR; };
		02E879EE23901903006F6F25 /* ExampleUITests.swift */ = {isa = PBXFileReference; lastKnownFileType = sourcecode.swift; path = ExampleUITests.swift; sourceTree = "<group>"; };
		02E879F023901903006F6F25 /* Info.plist */ = {isa = PBXFileReference; lastKnownFileType = text.plist.xml; path = Info.plist; sourceTree = "<group>"; };
		06FAD66E0E20644D7D0D0B10 /* Pods-ExampleTests.release.xcconfig */ = {isa = PBXFileReference; includeInIndex = 1; lastKnownFileType = text.xcconfig; name = "Pods-ExampleTests.release.xcconfig"; path = "Target Support Files/Pods-ExampleTests/Pods-ExampleTests.release.xcconfig"; sourceTree = "<group>"; };
		12E2CB699AB3CBCE9079D819 /* Pods-ExampleTests.debug.xcconfig */ = {isa = PBXFileReference; includeInIndex = 1; lastKnownFileType = text.xcconfig; name = "Pods-ExampleTests.debug.xcconfig"; path = "Target Support Files/Pods-ExampleTests/Pods-ExampleTests.debug.xcconfig"; sourceTree = "<group>"; };
		1A5A27BC90AC3E600801A458 /* Pods_ExampleTests.framework */ = {isa = PBXFileReference; explicitFileType = wrapper.framework; includeInIndex = 0; path = Pods_ExampleTests.framework; sourceTree = BUILT_PRODUCTS_DIR; };
		4A71786D58F95BBD12C973E7 /* Pods_Example.framework */ = {isa = PBXFileReference; explicitFileType = wrapper.framework; includeInIndex = 0; path = Pods_Example.framework; sourceTree = BUILT_PRODUCTS_DIR; };
		6FC1F844707275E7FC0527BA /* Pods-Example.debug.xcconfig */ = {isa = PBXFileReference; includeInIndex = 1; lastKnownFileType = text.xcconfig; name = "Pods-Example.debug.xcconfig"; path = "Target Support Files/Pods-Example/Pods-Example.debug.xcconfig"; sourceTree = "<group>"; };
		8203A4C67F9B9877725FD1C2 /* Pods-Example-ExampleUITests.debug.xcconfig */ = {isa = PBXFileReference; includeInIndex = 1; lastKnownFileType = text.xcconfig; name = "Pods-Example-ExampleUITests.debug.xcconfig"; path = "Target Support Files/Pods-Example-ExampleUITests/Pods-Example-ExampleUITests.debug.xcconfig"; sourceTree = "<group>"; };
		9393CD3175E740DC90B414C4 /* Pods-Example.release.xcconfig */ = {isa = PBXFileReference; includeInIndex = 1; lastKnownFileType = text.xcconfig; name = "Pods-Example.release.xcconfig"; path = "Target Support Files/Pods-Example/Pods-Example.release.xcconfig"; sourceTree = "<group>"; };
		B100E49A6747316B164A2733 /* Pods_Example_ExampleUITests.framework */ = {isa = PBXFileReference; explicitFileType = wrapper.framework; includeInIndex = 0; path = Pods_Example_ExampleUITests.framework; sourceTree = BUILT_PRODUCTS_DIR; };
		E092EE12302EA3CEE3B9D2A2 /* Pods-Example-ExampleUITests.release.xcconfig */ = {isa = PBXFileReference; includeInIndex = 1; lastKnownFileType = text.xcconfig; name = "Pods-Example-ExampleUITests.release.xcconfig"; path = "Target Support Files/Pods-Example-ExampleUITests/Pods-Example-ExampleUITests.release.xcconfig"; sourceTree = "<group>"; };
/* End PBXFileReference section */

/* Begin PBXFrameworksBuildPhase section */
		02E879C623901902006F6F25 /* Frameworks */ = {
			isa = PBXFrameworksBuildPhase;
			buildActionMask = 2147483647;
			files = (
				B95E0F6F8F4452EE165FAC3A /* Pods_Example.framework in Frameworks */,
			);
			runOnlyForDeploymentPostprocessing = 0;
		};
		02E879DC23901903006F6F25 /* Frameworks */ = {
			isa = PBXFrameworksBuildPhase;
			buildActionMask = 2147483647;
			files = (
				42C58A4CD0CD09015D3BFBE1 /* Pods_ExampleTests.framework in Frameworks */,
			);
			runOnlyForDeploymentPostprocessing = 0;
		};
		02E879E723901903006F6F25 /* Frameworks */ = {
			isa = PBXFrameworksBuildPhase;
			buildActionMask = 2147483647;
			files = (
				32EEF26BB122AA896C2E4A55 /* Pods_Example_ExampleUITests.framework in Frameworks */,
			);
			runOnlyForDeploymentPostprocessing = 0;
		};
/* End PBXFrameworksBuildPhase section */

/* Begin PBXGroup section */
		02E879C023901902006F6F25 = {
			isa = PBXGroup;
			children = (
				02E879CB23901902006F6F25 /* Example */,
				02E879E223901903006F6F25 /* ExampleTests */,
				02E879ED23901903006F6F25 /* ExampleUITests */,
				02E879CA23901902006F6F25 /* Products */,
				1C34897237D5B752123DB7C8 /* Pods */,
				1272460D7400E5AAC690D468 /* Frameworks */,
			);
			sourceTree = "<group>";
		};
		02E879CA23901902006F6F25 /* Products */ = {
			isa = PBXGroup;
			children = (
				02E879C923901902006F6F25 /* Example.app */,
				02E879DF23901903006F6F25 /* ExampleTests.xctest */,
				02E879EA23901903006F6F25 /* ExampleUITests.xctest */,
			);
			name = Products;
			sourceTree = "<group>";
		};
		02E879CB23901902006F6F25 /* Example */ = {
			isa = PBXGroup;
			children = (
				02E879CC23901902006F6F25 /* AppDelegate.swift */,
				02E879CE23901902006F6F25 /* SceneDelegate.swift */,
				02E879D023901902006F6F25 /* ViewController.swift */,
				02E879D223901902006F6F25 /* Main.storyboard */,
				023AED10239FF27A002BEF95 /* DownloadList.storyboard */,
				02E879D523901903006F6F25 /* Assets.xcassets */,
				02E879D723901903006F6F25 /* LaunchScreen.storyboard */,
				02E879DA23901903006F6F25 /* Info.plist */,
				023AED12239FF35B002BEF95 /* DownloadListViewController.swift */,
			);
			path = Example;
			sourceTree = "<group>";
		};
		02E879E223901903006F6F25 /* ExampleTests */ = {
			isa = PBXGroup;
			children = (
				02E879E323901903006F6F25 /* ExampleTests.swift */,
				02E879E523901903006F6F25 /* Info.plist */,
			);
			path = ExampleTests;
			sourceTree = "<group>";
		};
		02E879ED23901903006F6F25 /* ExampleUITests */ = {
			isa = PBXGroup;
			children = (
				02E879EE23901903006F6F25 /* ExampleUITests.swift */,
				02E879F023901903006F6F25 /* Info.plist */,
			);
			path = ExampleUITests;
			sourceTree = "<group>";
		};
		1272460D7400E5AAC690D468 /* Frameworks */ = {
			isa = PBXGroup;
			children = (
				4A71786D58F95BBD12C973E7 /* Pods_Example.framework */,
				B100E49A6747316B164A2733 /* Pods_Example_ExampleUITests.framework */,
				1A5A27BC90AC3E600801A458 /* Pods_ExampleTests.framework */,
			);
			name = Frameworks;
			sourceTree = "<group>";
		};
		1C34897237D5B752123DB7C8 /* Pods */ = {
			isa = PBXGroup;
			children = (
				6FC1F844707275E7FC0527BA /* Pods-Example.debug.xcconfig */,
				9393CD3175E740DC90B414C4 /* Pods-Example.release.xcconfig */,
				8203A4C67F9B9877725FD1C2 /* Pods-Example-ExampleUITests.debug.xcconfig */,
				E092EE12302EA3CEE3B9D2A2 /* Pods-Example-ExampleUITests.release.xcconfig */,
				12E2CB699AB3CBCE9079D819 /* Pods-ExampleTests.debug.xcconfig */,
				06FAD66E0E20644D7D0D0B10 /* Pods-ExampleTests.release.xcconfig */,
			);
			path = Pods;
			sourceTree = "<group>";
		};
/* End PBXGroup section */

/* Begin PBXNativeTarget section */
		02E879C823901902006F6F25 /* Example */ = {
			isa = PBXNativeTarget;
			buildConfigurationList = 02E879F323901903006F6F25 /* Build configuration list for PBXNativeTarget "Example" */;
			buildPhases = (
				70C4D83130E79515BB745234 /* [CP] Check Pods Manifest.lock */,
				02E879C523901902006F6F25 /* Sources */,
				02E879C623901902006F6F25 /* Frameworks */,
				02E879C723901902006F6F25 /* Resources */,
				5B0A1B3E4CD3F051154DEDC7 /* [CP] Embed Pods Frameworks */,
			);
			buildRules = (
			);
			dependencies = (
			);
			name = Example;
			productName = Example;
			productReference = 02E879C923901902006F6F25 /* Example.app */;
			productType = "com.apple.product-type.application";
		};
		02E879DE23901903006F6F25 /* ExampleTests */ = {
			isa = PBXNativeTarget;
			buildConfigurationList = 02E879F623901903006F6F25 /* Build configuration list for PBXNativeTarget "ExampleTests" */;
			buildPhases = (
				7DA58F8E54B0E227100A7F58 /* [CP] Check Pods Manifest.lock */,
				02E879DB23901903006F6F25 /* Sources */,
				02E879DC23901903006F6F25 /* Frameworks */,
				02E879DD23901903006F6F25 /* Resources */,
			);
			buildRules = (
			);
			dependencies = (
				02E879E123901903006F6F25 /* PBXTargetDependency */,
			);
			name = ExampleTests;
			productName = ExampleTests;
			productReference = 02E879DF23901903006F6F25 /* ExampleTests.xctest */;
			productType = "com.apple.product-type.bundle.unit-test";
		};
		02E879E923901903006F6F25 /* ExampleUITests */ = {
			isa = PBXNativeTarget;
			buildConfigurationList = 02E879F923901903006F6F25 /* Build configuration list for PBXNativeTarget "ExampleUITests" */;
			buildPhases = (
				0BF1BD8B320C2351D01740EC /* [CP] Check Pods Manifest.lock */,
				02E879E623901903006F6F25 /* Sources */,
				02E879E723901903006F6F25 /* Frameworks */,
				02E879E823901903006F6F25 /* Resources */,
				DA717D3F05E2EF5EECF89CA2 /* [CP] Embed Pods Frameworks */,
			);
			buildRules = (
			);
			dependencies = (
				02E879EC23901903006F6F25 /* PBXTargetDependency */,
			);
			name = ExampleUITests;
			productName = ExampleUITests;
			productReference = 02E879EA23901903006F6F25 /* ExampleUITests.xctest */;
			productType = "com.apple.product-type.bundle.ui-testing";
		};
/* End PBXNativeTarget section */

/* Begin PBXProject section */
		02E879C123901902006F6F25 /* Project object */ = {
			isa = PBXProject;
			attributes = {
				LastSwiftUpdateCheck = 1120;
				LastUpgradeCheck = 1120;
				ORGANIZATIONNAME = moxcomic;
				TargetAttributes = {
					02E879C823901902006F6F25 = {
						CreatedOnToolsVersion = 11.2.1;
					};
					02E879DE23901903006F6F25 = {
						CreatedOnToolsVersion = 11.2.1;
						TestTargetID = 02E879C823901902006F6F25;
					};
					02E879E923901903006F6F25 = {
						CreatedOnToolsVersion = 11.2.1;
						TestTargetID = 02E879C823901902006F6F25;
					};
				};
			};
			buildConfigurationList = 02E879C423901902006F6F25 /* Build configuration list for PBXProject "Example" */;
			compatibilityVersion = "Xcode 9.3";
			developmentRegion = en;
			hasScannedForEncodings = 0;
			knownRegions = (
				en,
				Base,
			);
			mainGroup = 02E879C023901902006F6F25;
			productRefGroup = 02E879CA23901902006F6F25 /* Products */;
			projectDirPath = "";
			projectRoot = "";
			targets = (
				02E879C823901902006F6F25 /* Example */,
				02E879DE23901903006F6F25 /* ExampleTests */,
				02E879E923901903006F6F25 /* ExampleUITests */,
			);
		};
/* End PBXProject section */

/* Begin PBXResourcesBuildPhase section */
		02E879C723901902006F6F25 /* Resources */ = {
			isa = PBXResourcesBuildPhase;
			buildActionMask = 2147483647;
			files = (
				02E879D923901903006F6F25 /* LaunchScreen.storyboard in Resources */,
				02E879D623901903006F6F25 /* Assets.xcassets in Resources */,
				023AED11239FF27A002BEF95 /* DownloadList.storyboard in Resources */,
				02E879D423901902006F6F25 /* Main.storyboard in Resources */,
			);
			runOnlyForDeploymentPostprocessing = 0;
		};
		02E879DD23901903006F6F25 /* Resources */ = {
			isa = PBXResourcesBuildPhase;
			buildActionMask = 2147483647;
			files = (
			);
			runOnlyForDeploymentPostprocessing = 0;
		};
		02E879E823901903006F6F25 /* Resources */ = {
			isa = PBXResourcesBuildPhase;
			buildActionMask = 2147483647;
			files = (
			);
			runOnlyForDeploymentPostprocessing = 0;
		};
/* End PBXResourcesBuildPhase section */

/* Begin PBXShellScriptBuildPhase section */
		0BF1BD8B320C2351D01740EC /* [CP] Check Pods Manifest.lock */ = {
			isa = PBXShellScriptBuildPhase;
			buildActionMask = 2147483647;
			files = (
			);
			inputFileListPaths = (
			);
			inputPaths = (
				"${PODS_PODFILE_DIR_PATH}/Podfile.lock",
				"${PODS_ROOT}/Manifest.lock",
			);
			name = "[CP] Check Pods Manifest.lock";
			outputFileListPaths = (
			);
			outputPaths = (
				"$(DERIVED_FILE_DIR)/Pods-Example-ExampleUITests-checkManifestLockResult.txt",
			);
			runOnlyForDeploymentPostprocessing = 0;
			shellPath = /bin/sh;
			shellScript = "diff \"${PODS_PODFILE_DIR_PATH}/Podfile.lock\" \"${PODS_ROOT}/Manifest.lock\" > /dev/null\nif [ $? != 0 ] ; then\n    # print error to STDERR\n    echo \"error: The sandbox is not in sync with the Podfile.lock. Run 'pod install' or update your CocoaPods installation.\" >&2\n    exit 1\nfi\n# This output is used by Xcode 'outputs' to avoid re-running this script phase.\necho \"SUCCESS\" > \"${SCRIPT_OUTPUT_FILE_0}\"\n";
			showEnvVarsInLog = 0;
		};
		5B0A1B3E4CD3F051154DEDC7 /* [CP] Embed Pods Frameworks */ = {
			isa = PBXShellScriptBuildPhase;
			buildActionMask = 2147483647;
			files = (
			);
			inputFileListPaths = (
				"${PODS_ROOT}/Target Support Files/Pods-Example/Pods-Example-frameworks-${CONFIGURATION}-input-files.xcfilelist",
			);
			name = "[CP] Embed Pods Frameworks";
			outputFileListPaths = (
				"${PODS_ROOT}/Target Support Files/Pods-Example/Pods-Example-frameworks-${CONFIGURATION}-output-files.xcfilelist",
			);
			runOnlyForDeploymentPostprocessing = 0;
			shellPath = /bin/sh;
			shellScript = "\"${PODS_ROOT}/Target Support Files/Pods-Example/Pods-Example-frameworks.sh\"\n";
			showEnvVarsInLog = 0;
		};
		70C4D83130E79515BB745234 /* [CP] Check Pods Manifest.lock */ = {
			isa = PBXShellScriptBuildPhase;
			buildActionMask = 2147483647;
			files = (
			);
			inputFileListPaths = (
			);
			inputPaths = (
				"${PODS_PODFILE_DIR_PATH}/Podfile.lock",
				"${PODS_ROOT}/Manifest.lock",
			);
			name = "[CP] Check Pods Manifest.lock";
			outputFileListPaths = (
			);
			outputPaths = (
				"$(DERIVED_FILE_DIR)/Pods-Example-checkManifestLockResult.txt",
			);
			runOnlyForDeploymentPostprocessing = 0;
			shellPath = /bin/sh;
			shellScript = "diff \"${PODS_PODFILE_DIR_PATH}/Podfile.lock\" \"${PODS_ROOT}/Manifest.lock\" > /dev/null\nif [ $? != 0 ] ; then\n    # print error to STDERR\n    echo \"error: The sandbox is not in sync with the Podfile.lock. Run 'pod install' or update your CocoaPods installation.\" >&2\n    exit 1\nfi\n# This output is used by Xcode 'outputs' to avoid re-running this script phase.\necho \"SUCCESS\" > \"${SCRIPT_OUTPUT_FILE_0}\"\n";
			showEnvVarsInLog = 0;
		};
		7DA58F8E54B0E227100A7F58 /* [CP] Check Pods Manifest.lock */ = {
			isa = PBXShellScriptBuildPhase;
			buildActionMask = 2147483647;
			files = (
			);
			inputFileListPaths = (
			);
			inputPaths = (
				"${PODS_PODFILE_DIR_PATH}/Podfile.lock",
				"${PODS_ROOT}/Manifest.lock",
			);
			name = "[CP] Check Pods Manifest.lock";
			outputFileListPaths = (
			);
			outputPaths = (
				"$(DERIVED_FILE_DIR)/Pods-ExampleTests-checkManifestLockResult.txt",
			);
			runOnlyForDeploymentPostprocessing = 0;
			shellPath = /bin/sh;
			shellScript = "diff \"${PODS_PODFILE_DIR_PATH}/Podfile.lock\" \"${PODS_ROOT}/Manifest.lock\" > /dev/null\nif [ $? != 0 ] ; then\n    # print error to STDERR\n    echo \"error: The sandbox is not in sync with the Podfile.lock. Run 'pod install' or update your CocoaPods installation.\" >&2\n    exit 1\nfi\n# This output is used by Xcode 'outputs' to avoid re-running this script phase.\necho \"SUCCESS\" > \"${SCRIPT_OUTPUT_FILE_0}\"\n";
			showEnvVarsInLog = 0;
		};
		DA717D3F05E2EF5EECF89CA2 /* [CP] Embed Pods Frameworks */ = {
			isa = PBXShellScriptBuildPhase;
			buildActionMask = 2147483647;
			files = (
			);
			inputFileListPaths = (
				"${PODS_ROOT}/Target Support Files/Pods-Example-ExampleUITests/Pods-Example-ExampleUITests-frameworks-${CONFIGURATION}-input-files.xcfilelist",
			);
			name = "[CP] Embed Pods Frameworks";
			outputFileListPaths = (
				"${PODS_ROOT}/Target Support Files/Pods-Example-ExampleUITests/Pods-Example-ExampleUITests-frameworks-${CONFIGURATION}-output-files.xcfilelist",
			);
			runOnlyForDeploymentPostprocessing = 0;
			shellPath = /bin/sh;
			shellScript = "\"${PODS_ROOT}/Target Support Files/Pods-Example-ExampleUITests/Pods-Example-ExampleUITests-frameworks.sh\"\n";
			showEnvVarsInLog = 0;
		};
/* End PBXShellScriptBuildPhase section */

/* Begin PBXSourcesBuildPhase section */
		02E879C523901902006F6F25 /* Sources */ = {
			isa = PBXSourcesBuildPhase;
			buildActionMask = 2147483647;
			files = (
				023AED13239FF35B002BEF95 /* DownloadListViewController.swift in Sources */,
				02E879D123901902006F6F25 /* ViewController.swift in Sources */,
				02E879CD23901902006F6F25 /* AppDelegate.swift in Sources */,
				02E879CF23901902006F6F25 /* SceneDelegate.swift in Sources */,
			);
			runOnlyForDeploymentPostprocessing = 0;
		};
		02E879DB23901903006F6F25 /* Sources */ = {
			isa = PBXSourcesBuildPhase;
			buildActionMask = 2147483647;
			files = (
				02E879E423901903006F6F25 /* ExampleTests.swift in Sources */,
			);
			runOnlyForDeploymentPostprocessing = 0;
		};
		02E879E623901903006F6F25 /* Sources */ = {
			isa = PBXSourcesBuildPhase;
			buildActionMask = 2147483647;
			files = (
				02E879EF23901903006F6F25 /* ExampleUITests.swift in Sources */,
			);
			runOnlyForDeploymentPostprocessing = 0;
		};
/* End PBXSourcesBuildPhase section */

/* Begin PBXTargetDependency section */
		02E879E123901903006F6F25 /* PBXTargetDependency */ = {
			isa = PBXTargetDependency;
			target = 02E879C823901902006F6F25 /* Example */;
			targetProxy = 02E879E023901903006F6F25 /* PBXContainerItemProxy */;
		};
		02E879EC23901903006F6F25 /* PBXTargetDependency */ = {
			isa = PBXTargetDependency;
			target = 02E879C823901902006F6F25 /* Example */;
			targetProxy = 02E879EB23901903006F6F25 /* PBXContainerItemProxy */;
		};
/* End PBXTargetDependency section */

/* Begin PBXVariantGroup section */
		02E879D223901902006F6F25 /* Main.storyboard */ = {
			isa = PBXVariantGroup;
			children = (
				02E879D323901902006F6F25 /* Base */,
			);
			name = Main.storyboard;
			sourceTree = "<group>";
		};
		02E879D723901903006F6F25 /* LaunchScreen.storyboard */ = {
			isa = PBXVariantGroup;
			children = (
				02E879D823901903006F6F25 /* Base */,
			);
			name = LaunchScreen.storyboard;
			sourceTree = "<group>";
		};
/* End PBXVariantGroup section */

/* Begin XCBuildConfiguration section */
		02E879F123901903006F6F25 /* Debug */ = {
			isa = XCBuildConfiguration;
			buildSettings = {
				ALWAYS_SEARCH_USER_PATHS = NO;
				CLANG_ANALYZER_NONNULL = YES;
				CLANG_ANALYZER_NUMBER_OBJECT_CONVERSION = YES_AGGRESSIVE;
				CLANG_CXX_LANGUAGE_STANDARD = "gnu++14";
				CLANG_CXX_LIBRARY = "libc++";
				CLANG_ENABLE_MODULES = YES;
				CLANG_ENABLE_OBJC_ARC = YES;
				CLANG_ENABLE_OBJC_WEAK = YES;
				CLANG_WARN_BLOCK_CAPTURE_AUTORELEASING = YES;
				CLANG_WARN_BOOL_CONVERSION = YES;
				CLANG_WARN_COMMA = YES;
				CLANG_WARN_CONSTANT_CONVERSION = YES;
				CLANG_WARN_DEPRECATED_OBJC_IMPLEMENTATIONS = YES;
				CLANG_WARN_DIRECT_OBJC_ISA_USAGE = YES_ERROR;
				CLANG_WARN_DOCUMENTATION_COMMENTS = YES;
				CLANG_WARN_EMPTY_BODY = YES;
				CLANG_WARN_ENUM_CONVERSION = YES;
				CLANG_WARN_INFINITE_RECURSION = YES;
				CLANG_WARN_INT_CONVERSION = YES;
				CLANG_WARN_NON_LITERAL_NULL_CONVERSION = YES;
				CLANG_WARN_OBJC_IMPLICIT_RETAIN_SELF = YES;
				CLANG_WARN_OBJC_LITERAL_CONVERSION = YES;
				CLANG_WARN_OBJC_ROOT_CLASS = YES_ERROR;
				CLANG_WARN_RANGE_LOOP_ANALYSIS = YES;
				CLANG_WARN_STRICT_PROTOTYPES = YES;
				CLANG_WARN_SUSPICIOUS_MOVE = YES;
				CLANG_WARN_UNGUARDED_AVAILABILITY = YES_AGGRESSIVE;
				CLANG_WARN_UNREACHABLE_CODE = YES;
				CLANG_WARN__DUPLICATE_METHOD_MATCH = YES;
				COPY_PHASE_STRIP = NO;
				DEBUG_INFORMATION_FORMAT = dwarf;
				ENABLE_STRICT_OBJC_MSGSEND = YES;
				ENABLE_TESTABILITY = YES;
				GCC_C_LANGUAGE_STANDARD = gnu11;
				GCC_DYNAMIC_NO_PIC = NO;
				GCC_NO_COMMON_BLOCKS = YES;
				GCC_OPTIMIZATION_LEVEL = 0;
				GCC_PREPROCESSOR_DEFINITIONS = (
					"DEBUG=1",
					"$(inherited)",
				);
				GCC_WARN_64_TO_32_BIT_CONVERSION = YES;
				GCC_WARN_ABOUT_RETURN_TYPE = YES_ERROR;
				GCC_WARN_UNDECLARED_SELECTOR = YES;
				GCC_WARN_UNINITIALIZED_AUTOS = YES_AGGRESSIVE;
				GCC_WARN_UNUSED_FUNCTION = YES;
				GCC_WARN_UNUSED_VARIABLE = YES;
				IPHONEOS_DEPLOYMENT_TARGET = 13.2;
				MTL_ENABLE_DEBUG_INFO = INCLUDE_SOURCE;
				MTL_FAST_MATH = YES;
				ONLY_ACTIVE_ARCH = YES;
				SDKROOT = iphoneos;
				SWIFT_ACTIVE_COMPILATION_CONDITIONS = DEBUG;
				SWIFT_OPTIMIZATION_LEVEL = "-Onone";
			};
			name = Debug;
		};
		02E879F223901903006F6F25 /* Release */ = {
			isa = XCBuildConfiguration;
			buildSettings = {
				ALWAYS_SEARCH_USER_PATHS = NO;
				CLANG_ANALYZER_NONNULL = YES;
				CLANG_ANALYZER_NUMBER_OBJECT_CONVERSION = YES_AGGRESSIVE;
				CLANG_CXX_LANGUAGE_STANDARD = "gnu++14";
				CLANG_CXX_LIBRARY = "libc++";
				CLANG_ENABLE_MODULES = YES;
				CLANG_ENABLE_OBJC_ARC = YES;
				CLANG_ENABLE_OBJC_WEAK = YES;
				CLANG_WARN_BLOCK_CAPTURE_AUTORELEASING = YES;
				CLANG_WARN_BOOL_CONVERSION = YES;
				CLANG_WARN_COMMA = YES;
				CLANG_WARN_CONSTANT_CONVERSION = YES;
				CLANG_WARN_DEPRECATED_OBJC_IMPLEMENTATIONS = YES;
				CLANG_WARN_DIRECT_OBJC_ISA_USAGE = YES_ERROR;
				CLANG_WARN_DOCUMENTATION_COMMENTS = YES;
				CLANG_WARN_EMPTY_BODY = YES;
				CLANG_WARN_ENUM_CONVERSION = YES;
				CLANG_WARN_INFINITE_RECURSION = YES;
				CLANG_WARN_INT_CONVERSION = YES;
				CLANG_WARN_NON_LITERAL_NULL_CONVERSION = YES;
				CLANG_WARN_OBJC_IMPLICIT_RETAIN_SELF = YES;
				CLANG_WARN_OBJC_LITERAL_CONVERSION = YES;
				CLANG_WARN_OBJC_ROOT_CLASS = YES_ERROR;
				CLANG_WARN_RANGE_LOOP_ANALYSIS = YES;
				CLANG_WARN_STRICT_PROTOTYPES = YES;
				CLANG_WARN_SUSPICIOUS_MOVE = YES;
				CLANG_WARN_UNGUARDED_AVAILABILITY = YES_AGGRESSIVE;
				CLANG_WARN_UNREACHABLE_CODE = YES;
				CLANG_WARN__DUPLICATE_METHOD_MATCH = YES;
				COPY_PHASE_STRIP = NO;
				DEBUG_INFORMATION_FORMAT = "dwarf-with-dsym";
				ENABLE_NS_ASSERTIONS = NO;
				ENABLE_STRICT_OBJC_MSGSEND = YES;
				GCC_C_LANGUAGE_STANDARD = gnu11;
				GCC_NO_COMMON_BLOCKS = YES;
				GCC_WARN_64_TO_32_BIT_CONVERSION = YES;
				GCC_WARN_ABOUT_RETURN_TYPE = YES_ERROR;
				GCC_WARN_UNDECLARED_SELECTOR = YES;
				GCC_WARN_UNINITIALIZED_AUTOS = YES_AGGRESSIVE;
				GCC_WARN_UNUSED_FUNCTION = YES;
				GCC_WARN_UNUSED_VARIABLE = YES;
				IPHONEOS_DEPLOYMENT_TARGET = 13.2;
				MTL_ENABLE_DEBUG_INFO = NO;
				MTL_FAST_MATH = YES;
				SDKROOT = iphoneos;
				SWIFT_COMPILATION_MODE = wholemodule;
				SWIFT_OPTIMIZATION_LEVEL = "-O";
				VALIDATE_PRODUCT = YES;
			};
			name = Release;
		};
		02E879F423901903006F6F25 /* Debug */ = {
			isa = XCBuildConfiguration;
			baseConfigurationReference = 6FC1F844707275E7FC0527BA /* Pods-Example.debug.xcconfig */;
			buildSettings = {
				ASSETCATALOG_COMPILER_APPICON_NAME = AppIcon;
				CODE_SIGN_STYLE = Automatic;
				DEVELOPMENT_TEAM = CU8H9UQL9A;
				INFOPLIST_FILE = Example/Info.plist;
				LD_RUNPATH_SEARCH_PATHS = (
					"$(inherited)",
					"@executable_path/Frameworks",
				);
				PRODUCT_BUNDLE_IDENTIFIER = com.moxcomic.Example;
				PRODUCT_NAME = "$(TARGET_NAME)";
				SWIFT_VERSION = 5.0;
				TARGETED_DEVICE_FAMILY = "1,2";
			};
			name = Debug;
		};
		02E879F523901903006F6F25 /* Release */ = {
			isa = XCBuildConfiguration;
			baseConfigurationReference = 9393CD3175E740DC90B414C4 /* Pods-Example.release.xcconfig */;
			buildSettings = {
				ASSETCATALOG_COMPILER_APPICON_NAME = AppIcon;
				CODE_SIGN_STYLE = Automatic;
				DEVELOPMENT_TEAM = CU8H9UQL9A;
				INFOPLIST_FILE = Example/Info.plist;
				LD_RUNPATH_SEARCH_PATHS = (
					"$(inherited)",
					"@executable_path/Frameworks",
				);
				PRODUCT_BUNDLE_IDENTIFIER = com.moxcomic.Example;
				PRODUCT_NAME = "$(TARGET_NAME)";
				SWIFT_VERSION = 5.0;
				TARGETED_DEVICE_FAMILY = "1,2";
			};
			name = Release;
		};
		02E879F723901903006F6F25 /* Debug */ = {
			isa = XCBuildConfiguration;
			baseConfigurationReference = 12E2CB699AB3CBCE9079D819 /* Pods-ExampleTests.debug.xcconfig */;
			buildSettings = {
				ALWAYS_EMBED_SWIFT_STANDARD_LIBRARIES = YES;
				BUNDLE_LOADER = "$(TEST_HOST)";
				CODE_SIGN_STYLE = Automatic;
				DEVELOPMENT_TEAM = CU8H9UQL9A;
				INFOPLIST_FILE = ExampleTests/Info.plist;
				IPHONEOS_DEPLOYMENT_TARGET = 13.2;
				LD_RUNPATH_SEARCH_PATHS = (
					"$(inherited)",
					"@executable_path/Frameworks",
					"@loader_path/Frameworks",
				);
				PRODUCT_BUNDLE_IDENTIFIER = com.moxcomic.ExampleTests;
				PRODUCT_NAME = "$(TARGET_NAME)";
				SWIFT_VERSION = 5.0;
				TARGETED_DEVICE_FAMILY = "1,2";
				TEST_HOST = "$(BUILT_PRODUCTS_DIR)/Example.app/Example";
			};
			name = Debug;
		};
		02E879F823901903006F6F25 /* Release */ = {
			isa = XCBuildConfiguration;
			baseConfigurationReference = 06FAD66E0E20644D7D0D0B10 /* Pods-ExampleTests.release.xcconfig */;
			buildSettings = {
				ALWAYS_EMBED_SWIFT_STANDARD_LIBRARIES = YES;
				BUNDLE_LOADER = "$(TEST_HOST)";
				CODE_SIGN_STYLE = Automatic;
				DEVELOPMENT_TEAM = CU8H9UQL9A;
				INFOPLIST_FILE = ExampleTests/Info.plist;
				IPHONEOS_DEPLOYMENT_TARGET = 13.2;
				LD_RUNPATH_SEARCH_PATHS = (
					"$(inherited)",
					"@executable_path/Frameworks",
					"@loader_path/Frameworks",
				);
				PRODUCT_BUNDLE_IDENTIFIER = com.moxcomic.ExampleTests;
				PRODUCT_NAME = "$(TARGET_NAME)";
				SWIFT_VERSION = 5.0;
				TARGETED_DEVICE_FAMILY = "1,2";
				TEST_HOST = "$(BUILT_PRODUCTS_DIR)/Example.app/Example";
			};
			name = Release;
		};
		02E879FA23901903006F6F25 /* Debug */ = {
			isa = XCBuildConfiguration;
			baseConfigurationReference = 8203A4C67F9B9877725FD1C2 /* Pods-Example-ExampleUITests.debug.xcconfig */;
			buildSettings = {
				ALWAYS_EMBED_SWIFT_STANDARD_LIBRARIES = YES;
				CODE_SIGN_STYLE = Automatic;
				DEVELOPMENT_TEAM = CU8H9UQL9A;
				INFOPLIST_FILE = ExampleUITests/Info.plist;
				LD_RUNPATH_SEARCH_PATHS = (
					"$(inherited)",
					"@executable_path/Frameworks",
					"@loader_path/Frameworks",
				);
				PRODUCT_BUNDLE_IDENTIFIER = com.moxcomic.ExampleUITests;
				PRODUCT_NAME = "$(TARGET_NAME)";
				SWIFT_VERSION = 5.0;
				TARGETED_DEVICE_FAMILY = "1,2";
				TEST_TARGET_NAME = Example;
			};
			name = Debug;
		};
		02E879FB23901903006F6F25 /* Release */ = {
			isa = XCBuildConfiguration;
			baseConfigurationReference = E092EE12302EA3CEE3B9D2A2 /* Pods-Example-ExampleUITests.release.xcconfig */;
			buildSettings = {
				ALWAYS_EMBED_SWIFT_STANDARD_LIBRARIES = YES;
				CODE_SIGN_STYLE = Automatic;
				DEVELOPMENT_TEAM = CU8H9UQL9A;
				INFOPLIST_FILE = ExampleUITests/Info.plist;
				LD_RUNPATH_SEARCH_PATHS = (
					"$(inherited)",
					"@executable_path/Frameworks",
					"@loader_path/Frameworks",
				);
				PRODUCT_BUNDLE_IDENTIFIER = com.moxcomic.ExampleUITests;
				PRODUCT_NAME = "$(TARGET_NAME)";
				SWIFT_VERSION = 5.0;
				TARGETED_DEVICE_FAMILY = "1,2";
				TEST_TARGET_NAME = Example;
			};
			name = Release;
		};
/* End XCBuildConfiguration section */

/* Begin XCConfigurationList section */
		02E879C423901902006F6F25 /* Build configuration list for PBXProject "Example" */ = {
			isa = XCConfigurationList;
			buildConfigurations = (
				02E879F123901903006F6F25 /* Debug */,
				02E879F223901903006F6F25 /* Release */,
			);
			defaultConfigurationIsVisible = 0;
			defaultConfigurationName = Release;
		};
		02E879F323901903006F6F25 /* Build configuration list for PBXNativeTarget "Example" */ = {
			isa = XCConfigurationList;
			buildConfigurations = (
				02E879F423901903006F6F25 /* Debug */,
				02E879F523901903006F6F25 /* Release */,
			);
			defaultConfigurationIsVisible = 0;
			defaultConfigurationName = Release;
		};
		02E879F623901903006F6F25 /* Build configuration list for PBXNativeTarget "ExampleTests" */ = {
			isa = XCConfigurationList;
			buildConfigurations = (
				02E879F723901903006F6F25 /* Debug */,
				02E879F823901903006F6F25 /* Release */,
			);
			defaultConfigurationIsVisible = 0;
			defaultConfigurationName = Release;
		};
		02E879F923901903006F6F25 /* Build configuration list for PBXNativeTarget "ExampleUITests" */ = {
			isa = XCConfigurationList;
			buildConfigurations = (
				02E879FA23901903006F6F25 /* Debug */,
				02E879FB23901903006F6F25 /* Release */,
			);
			defaultConfigurationIsVisible = 0;
			defaultConfigurationName = Release;
		};
/* End XCConfigurationList section */
	};
	rootObject = 02E879C123901902006F6F25 /* Project object */;
}
