PODS:
  - Masonry (1.1.0)
  - Reachability (3.2)
  - SJBaseVideoPlayer (3.1.5):
    - Masonry
    - Reachability
    - SJBaseVideoPlayer/AVPlayer (= 3.1.5)
    - SJBaseVideoPlayer/Common (= 3.1.5)
    - SJUIKit/AttributesFactory (>= 0.0.0.38)
    - SJUIKit/ObserverHelper (>= 0.0.0.38)
    - SJUIKit/Queues (>= 0.0.0.38)
  - SJBaseVideoPlayer/AVPlayer (3.1.5):
    - Masonry
    - Reachability
    - SJBaseVideoPlayer/Common
    - SJUIKit/AttributesFactory (>= 0.0.0.38)
    - SJUIKit/ObserverHelper (>= 0.0.0.38)
    - SJUIKit/Queues (>= 0.0.0.38)
  - SJBaseVideoPlayer/Common (3.1.5):
    - Masonry
    - Reachability
    - SJBaseVideoPlayer/ResourceLoader
    - SJUIKit/AttributesFactory (>= 0.0.0.38)
    - SJUIKit/ObserverHelper (>= 0.0.0.38)
    - SJUIKit/Queues (>= 0.0.0.38)
  - SJBaseVideoPlayer/ResourceLoader (3.1.5):
    - Masonry
    - Reachability
    - SJUIKit/AttributesFactory (>= 0.0.0.38)
    - SJUIKit/ObserverHelper (>= 0.0.0.38)
    - SJUIKit/Queues (>= 0.0.0.38)
  - SJUIKit/AttributesFactory (0.0.0.39):
    - SJUIKit/AttributesFactory/Deprecated (= 0.0.0.39)
    - SJUIKit/AttributesFactory/UIKitText (= 0.0.0.39)
  - SJUIKit/AttributesFactory/Deprecated (0.0.0.39)
  - SJUIKit/AttributesFactory/UIKitText (0.0.0.39)
  - SJUIKit/ObserverHelper (0.0.0.39)
  - SJUIKit/Queues (0.0.0.39)
  - SJVideoPlayer (3.0.9):
    - Masonry
    - SJBaseVideoPlayer (>= 3.1.4)
    - SJUIKit/AttributesFactory
    - SJVideoPlayer/Adapters (= 3.0.9)
    - SJVideoPlayer/Common (= 3.0.9)
    - SJVideoPlayer/Settings (= 3.0.9)
    - SJVideoPlayer/SJEdgeControlLayer (= 3.0.9)
    - SJVideoPlayer/SJFilmEditingControlLayer (= 3.0.9)
    - SJVideoPlayer/SJFloatSmallViewControlLayer (= 3.0.9)
    - SJVideoPlayer/SJLoadFailedControlLayer (= 3.0.9)
    - SJVideoPlayer/SJMoreSettingControlLayer (= 3.0.9)
    - SJVideoPlayer/SJNotReachableControlLayer (= 3.0.9)
    - SJVideoPlayer/SJProgressSlider (= 3.0.9)
    - SJVideoPlayer/SJSwitchVideoDefinitionControlLayer (= 3.0.9)
    - SJVideoPlayer/Switcher (= 3.0.9)
  - SJVideoPlayer/Adapters (3.0.9):
    - Masonry
    - SJBaseVideoPlayer (>= 3.1.4)
    - SJUIKit/AttributesFactory
    - SJVideoPlayer/Common
  - SJVideoPlayer/Common (3.0.9):
    - Masonry
    - SJBaseVideoPlayer (>= 3.1.4)
    - SJUIKit/AttributesFactory
  - SJVideoPlayer/Settings (3.0.9):
    - Masonry
    - SJBaseVideoPlayer (>= 3.1.4)
    - SJUIKit/AttributesFactory
    - SJVideoPlayer/SJEdgeControlLayer/ResourceLoader
    - SJVideoPlayer/SJFilmEditingControlLayer/ResourceLoader
    - SJVideoPlayer/SJFloatSmallViewControlLayer/ResourceLoader
  - SJVideoPlayer/SJEdgeControlLayer (3.0.9):
    - Masonry
    - SJBaseVideoPlayer (>= 3.1.4)
    - SJUIKit/AttributesFactory
    - SJVideoPlayer/Adapters
    - SJVideoPlayer/Common
    - SJVideoPlayer/SJEdgeControlLayer/Defines (= 3.0.9)
    - SJVideoPlayer/SJEdgeControlLayer/ResourceLoader (= 3.0.9)
    - SJVideoPlayer/SJEdgeControlLayer/View (= 3.0.9)
    - SJVideoPlayer/SJProgressSlider
    - SJVideoPlayer/Switcher
  - SJVideoPlayer/SJEdgeControlLayer/Defines (3.0.9):
    - Masonry
    - SJBaseVideoPlayer (>= 3.1.4)
    - SJUIKit/AttributesFactory
    - SJVideoPlayer/Adapters
    - SJVideoPlayer/Common
    - SJVideoPlayer/SJProgressSlider
    - SJVideoPlayer/Switcher
  - SJVideoPlayer/SJEdgeControlLayer/ResourceLoader (3.0.9):
    - Masonry
    - SJBaseVideoPlayer (>= 3.1.4)
    - SJUIKit/AttributesFactory
    - SJVideoPlayer/Adapters
    - SJVideoPlayer/Common
    - SJVideoPlayer/SJProgressSlider
    - SJVideoPlayer/Switcher
  - SJVideoPlayer/SJEdgeControlLayer/View (3.0.9):
    - Masonry
    - SJBaseVideoPlayer (>= 3.1.4)
    - SJUIKit/AttributesFactory
    - SJVideoPlayer/Adapters
    - SJVideoPlayer/Common
    - SJVideoPlayer/SJEdgeControlLayer/Defines
    - SJVideoPlayer/SJEdgeControlLayer/ResourceLoader
    - SJVideoPlayer/SJProgressSlider
    - SJVideoPlayer/Switcher
  - SJVideoPlayer/SJFilmEditingControlLayer (3.0.9):
    - Masonry
    - SJBaseVideoPlayer (>= 3.1.4)
    - SJUIKit/AttributesFactory
    - SJVideoPlayer/Adapters
    - SJVideoPlayer/SJFilmEditingControlLayer/Core (= 3.0.9)
    - SJVideoPlayer/SJFilmEditingControlLayer/ResourceLoader (= 3.0.9)
    - SJVideoPlayer/SJProgressSlider
    - SJVideoPlayer/Switcher
  - SJVideoPlayer/SJFilmEditingControlLayer/Core (3.0.9):
    - Masonry
    - SJBaseVideoPlayer (>= 3.1.4)
    - SJUIKit/AttributesFactory
    - SJVideoPlayer/Adapters
    - SJVideoPlayer/SJFilmEditingControlLayer/ResourceLoader
    - SJVideoPlayer/SJProgressSlider
    - SJVideoPlayer/Switcher
  - SJVideoPlayer/SJFilmEditingControlLayer/ResourceLoader (3.0.9):
    - Masonry
    - SJBaseVideoPlayer (>= 3.1.4)
    - SJUIKit/AttributesFactory
    - SJVideoPlayer/Adapters
    - SJVideoPlayer/SJProgressSlider
    - SJVideoPlayer/Switcher
  - SJVideoPlayer/SJFloatSmallViewControlLayer (3.0.9):
    - Masonry
    - SJBaseVideoPlayer (>= 3.1.4)
    - SJUIKit/AttributesFactory
    - SJVideoPlayer/Adapters
    - SJVideoPlayer/Common
    - SJVideoPlayer/SJFloatSmallViewControlLayer/ResourceLoader (= 3.0.9)
    - SJVideoPlayer/Switcher
  - SJVideoPlayer/SJFloatSmallViewControlLayer/ResourceLoader (3.0.9):
    - Masonry
    - SJBaseVideoPlayer (>= 3.1.4)
    - SJUIKit/AttributesFactory
    - SJVideoPlayer/Adapters
    - SJVideoPlayer/Common
    - SJVideoPlayer/Switcher
  - SJVideoPlayer/SJLoadFailedControlLayer (3.0.9):
    - Masonry
    - SJBaseVideoPlayer (>= 3.1.4)
    - SJUIKit/AttributesFactory
    - SJVideoPlayer/SJNotReachableControlLayer
  - SJVideoPlayer/SJMoreSettingControlLayer (3.0.9):
    - Masonry
    - SJBaseVideoPlayer (>= 3.1.4)
    - SJUIKit/AttributesFactory
    - SJVideoPlayer/SJEdgeControlLayer
  - SJVideoPlayer/SJNotReachableControlLayer (3.0.9):
    - Masonry
    - SJBaseVideoPlayer (>= 3.1.4)
    - SJUIKit/AttributesFactory
    - SJVideoPlayer/SJEdgeControlLayer
  - SJVideoPlayer/SJProgressSlider (3.0.9):
    - Masonry
    - SJBaseVideoPlayer (>= 3.1.4)
    - SJUIKit/AttributesFactory
  - SJVideoPlayer/SJSwitchVideoDefinitionControlLayer (3.0.9):
    - Masonry
    - SJBaseVideoPlayer (>= 3.1.4)
    - SJUIKit/AttributesFactory
    - SJVideoPlayer/Adapters
    - SJVideoPlayer/Common
    - SJVideoPlayer/Switcher
  - SJVideoPlayer/Switcher (3.0.9):
    - Masonry
    - SJBaseVideoPlayer (>= 3.1.4)
    - SJUIKit/AttributesFactory

DEPENDENCIES:
  - SJBaseVideoPlayer (from `https://gitee.com/changsanjiang/SJBaseVideoPlayer.git`)
  - SJVideoPlayer (from `https://gitee.com/changsanjiang/SJVideoPlayer.git`)

SPEC REPOS:
  trunk:
    - Masonry
    - Reachability
    - SJUIKit

EXTERNAL SOURCES:
  SJBaseVideoPlayer:
    :git: https://gitee.com/changsanjiang/SJBaseVideoPlayer.git
  SJVideoPlayer:
    :git: https://gitee.com/changsanjiang/SJVideoPlayer.git

CHECKOUT OPTIONS:
  SJBaseVideoPlayer:
    :commit: e103bfd2c6d6a47410277c92e29799ce2e77ff63
    :git: https://gitee.com/changsanjiang/SJBaseVideoPlayer.git
  SJVideoPlayer:
    :commit: e6091e53e084f9f0b52aa04414986f1e24e0c373
    :git: https://gitee.com/changsanjiang/SJVideoPlayer.git

SPEC CHECKSUMS:
  Masonry: 678fab65091a9290e40e2832a55e7ab731aad201
  Reachability: 33e18b67625424e47b6cde6d202dce689ad7af96
  SJBaseVideoPlayer: 63eebe704af01346ce9c5f6be9f1ace4bf86b5ba
  SJUIKit: 5479a150083e606937a796801ecaae6317e046f5
  SJVideoPlayer: 1669bc6a45a93c51a5f9aae0402c65c6022e5c54

PODFILE CHECKSUM: f5cc37c7dea563ed4551fa030c731fd2753b7610

COCOAPODS: 1.8.4
